FORGE
  remote: https://forgeapi.puppetlabs.com
  specs:
    darin/zypprepo (1.0.1)
    jfryman/nginx (0.0.9)
      puppetlabs/apt (>= 1.0.0)
      puppetlabs/concat (>= 1.0.0)
      puppetlabs/stdlib (>= 0.1.6)
    joshcooper/powershell (0.0.6)
    maestrodev/activemq (2.0.0)
      maestrodev/wget (>= 1.0.0)
      puppetlabs/stdlib (>= 0.0.0)
    maestrodev/ant (1.0.5)
      maestrodev/wget (>= 1.0.0)
      puppetlabs/stdlib (>= 3.2.0)
    maestrodev/archiva (1.2.3)
      maestrodev/wget (>= 1.3.0)
    maestrodev/git (1.0.2)
    maestrodev/maestro (2.0.7)
      joshcooper/powershell (>= 0.0.6)
      maestrodev/maven (>= 1.0.0)
      maestrodev/wget (>= 1.3.0)
      puppetlabs/postgresql (>= 3.0.0)
      puppetlabs/stdlib (>= 3.2.0)
    maestrodev/maven (1.2.0)
      maestrodev/wget (>= 1.0.0)
    maestrodev/rvm (1.5.8)
      puppetlabs/stdlib (>= 3.2.0)
    maestrodev/sonar (1.0.4)
      maestrodev/maven (>= 0.0.2)
      maestrodev/wget (>= 0.0.1)
      puppetlabs/stdlib (>= 2.3.0)
    maestrodev/ssh_keygen (1.2.0)
    maestrodev/statsd (1.0.4)
      puppetlabs/nodejs (>= 0.2.0)
    maestrodev/svn (1.1.0)
    maestrodev/wget (1.4.3)
    puppetlabs/apt (1.5.0)
      puppetlabs/stdlib (>= 2.2.1)
    puppetlabs/concat (1.1.0)
      puppetlabs/stdlib (>= 4.0.0)
    puppetlabs/firewall (1.1.2)
    puppetlabs/java (1.1.1)
      puppetlabs/stdlib (>= 0.1.6)
    puppetlabs/mongodb (0.3.0)
      puppetlabs/apt (>= 1.0.0)
      puppetlabs/stdlib (>= 2.2.0)
    puppetlabs/nodejs (0.6.0)
      puppetlabs/apt (>= 0.0.3)
      puppetlabs/stdlib (>= 2.0.0)
    puppetlabs/ntp (3.1.1)
      puppetlabs/stdlib (>= 4.0.0)
    puppetlabs/postgresql (3.3.3)
      puppetlabs/apt (< 2.0.0, >= 1.1.0)
      puppetlabs/concat (< 2.0.0, >= 1.0.0)
      puppetlabs/firewall (>= 0.0.4)
      puppetlabs/stdlib (< 5.0.0, >= 3.2.0)
    puppetlabs/stdlib (4.2.2)
    rtyler/jenkins (1.1.0)
      darin/zypprepo (>= 1.0.1)
      puppetlabs/apt (>= 0.0.3)
      puppetlabs/java (>= 1.0.1)
      puppetlabs/stdlib (>= 2.0.0)
    saz/ssh (2.3.6)
      puppetlabs/stdlib (>= 2.2.1)
    stahnma/epel (0.0.6)

DEPENDENCIES
  jfryman/nginx (>= 0.0.7)
  maestrodev/activemq (>= 2.0.0)
  maestrodev/ant (>= 1.0.5)
  maestrodev/archiva (>= 1.0.0)
  maestrodev/git (>= 1.0.0)
  maestrodev/maestro (>= 2.0.0)
  maestrodev/maven (>= 0.0.2)
  maestrodev/rvm (>= 1.4.0)
  maestrodev/sonar (>= 1.0.0)
  maestrodev/ssh_keygen (>= 1.0.0)
  maestrodev/statsd (>= 1.0.0)
  maestrodev/svn (>= 1.0.0)
  puppetlabs/java (>= 0.3.0)
  puppetlabs/mongodb (= 0.3.0)
  puppetlabs/nodejs (>= 0.3.0)
  puppetlabs/ntp (>= 3.0.0)
  puppetlabs/stdlib (>= 3.2.0)
  rtyler/jenkins (>= 1.1.0)
  saz/ssh (>= 1.2.0)
  stahnma/epel (>= 0.0.6)

